// !$*UTF8*$!
{
	archiveVersion = 1;
	classes = {
	};
	objectVersion = 48;
	objects = {

/* Begin PBXBuildFile section */
		8A0CA7691F65283B00E2858E /* AppDelegate.swift in Sources */ = {isa = PBXBuildFile; fileRef = 8A0CA7681F65283B00E2858E /* AppDelegate.swift */; };
		8A0CA76B1F65283B00E2858E /* ViewController.swift in Sources */ = {isa = PBXBuildFile; fileRef = 8A0CA76A1F65283B00E2858E /* ViewController.swift */; };
		8A0CA76E1F65283B00E2858E /* Main.storyboard in Resources */ = {isa = PBXBuildFile; fileRef = 8A0CA76C1F65283B00E2858E /* Main.storyboard */; };
		8A0CA7701F65283B00E2858E /* Assets.xcassets in Resources */ = {isa = PBXBuildFile; fileRef = 8A0CA76F1F65283B00E2858E /* Assets.xcassets */; };
		8A0CA7731F65283B00E2858E /* LaunchScreen.storyboard in Resources */ = {isa = PBXBuildFile; fileRef = 8A0CA7711F65283B00E2858E /* LaunchScreen.storyboard */; };
		8AAECE121F762CD800C20BF9 /* Shaders.metal in Sources */ = {isa = PBXBuildFile; fileRef = 8AAECE111F762CD800C20BF9 /* Shaders.metal */; };
/* End PBXBuildFile section */

/* Begin PBXFileReference section */
		8A0CA7651F65283B00E2858E /* MetalShaderImageRender.app */ = {isa = PBXFileReference; explicitFileType = wrapper.application; includeInIndex = 0; path = MetalShaderImageRender.app; sourceTree = BUILT_PRODUCTS_DIR; };
		8A0CA7681F65283B00E2858E /* AppDelegate.swift */ = {isa = PBXFileReference; lastKnownFileType = sourcecode.swift; path = AppDelegate.swift; sourceTree = "<group>"; };
		8A0CA76A1F65283B00E2858E /* ViewController.swift */ = {isa = PBXFileReference; lastKnownFileType = sourcecode.swift; path = ViewController.swift; sourceTree = "<group>"; };
		8A0CA76D1F65283B00E2858E /* Base */ = {isa = PBXFileReference; lastKnownFileType = file.storyboard; name = Base; path = Base.lproj/Main.storyboard; sourceTree = "<group>"; };
		8A0CA76F1F65283B00E2858E /* Assets.xcassets */ = {isa = PBXFileReference; lastKnownFileType = folder.assetcatalog; path = Assets.xcassets; sourceTree = "<group>"; };
		8A0CA7721F65283B00E2858E /* Base */ = {isa = PBXFileReference; lastKnownFileType = file.storyboard; name = Base; path = Base.lproj/LaunchScreen.storyboard; sourceTree = "<group>"; };
		8A0CA7741F65283B00E2858E /* Info.plist */ = {isa = PBXFileReference; lastKnownFileType = text.plist.xml; path = Info.plist; sourceTree = "<group>"; };
		8AAECE111F762CD800C20BF9 /* Shaders.metal */ = {isa = PBXFileReference; lastKnownFileType = sourcecode.metal; path = Shaders.metal; sourceTree = "<group>"; };
/* End PBXFileReference section */

/* Begin PBXFrameworksBuildPhase section */
		8A0CA7621F65283B00E2858E /* Frameworks */ = {
			isa = PBXFrameworksBuildPhase;
			buildActionMask = 2147483647;
			files = (
			);
			runOnlyForDeploymentPostprocessing = 0;
		};
/* End PBXFrameworksBuildPhase section */

/* Begin PBXGroup section */
		8A0CA75C1F65283B00E2858E = {
			isa = PBXGroup;
			children = (
				8A0CA7671F65283B00E2858E /* MetalShaderImageRender */,
				8A0CA7661F65283B00E2858E /* Products */,
			);
			sourceTree = "<group>";
		};
		8A0CA7661F65283B00E2858E /* Products */ = {
			isa = PBXGroup;
			children = (
				8A0CA7651F65283B00E2858E /* MetalShaderImageRender.app */,
			);
			name = Products;
			sourceTree = "<group>";
		};
		8A0CA7671F65283B00E2858E /* MetalShaderImageRender */ = {
			isa = PBXGroup;
			children = (
				8A0CA7741F65283B00E2858E /* Info.plist */,
				8A0CA76F1F65283B00E2858E /* Assets.xcassets */,
				8A0CA7711F65283B00E2858E /* LaunchScreen.storyboard */,
				8A0CA76C1F65283B00E2858E /* Main.storyboard */,
				8A0CA7681F65283B00E2858E /* AppDelegate.swift */,
				8A0CA76A1F65283B00E2858E /* ViewController.swift */,
				8AAECE111F762CD800C20BF9 /* Shaders.metal */,
			);
			path = MetalShaderImageRender;
			sourceTree = "<group>";
		};
/* End PBXGroup section */

/* Begin PBXNativeTarget section */
		8A0CA7641F65283B00E2858E /* MetalShaderImageRender */ = {
			isa = PBXNativeTarget;
			buildConfigurationList = 8A0CA7771F65283B00E2858E /* Build configuration list for PBXNativeTarget "MetalShaderImageRender" */;
			buildPhases = (
				8A0CA7611F65283B00E2858E /* Sources */,
				8A0CA7621F65283B00E2858E /* Frameworks */,
				8A0CA7631F65283B00E2858E /* Resources */,
			);
			buildRules = (
			);
			dependencies = (
			);
			name = MetalShaderImageRender;
			productName = MetalShaderImageRender;
			productReference = 8A0CA7651F65283B00E2858E /* MetalShaderImageRender.app */;
			productType = "com.apple.product-type.application";
		};
/* End PBXNativeTarget section */

/* Begin PBXProject section */
		8A0CA75D1F65283B00E2858E /* Project object */ = {
			isa = PBXProject;
			attributes = {
				LastSwiftUpdateCheck = 0900;
				LastUpgradeCheck = 0930;
				ORGANIZATIONNAME = "Shuichi Tsutsumi";
				TargetAttributes = {
					8A0CA7641F65283B00E2858E = {
						CreatedOnToolsVersion = 9.0;
						ProvisioningStyle = Automatic;
					};
				};
			};
			buildConfigurationList = 8A0CA7601F65283B00E2858E /* Build configuration list for PBXProject "MetalShaderImageRender" */;
			compatibilityVersion = "Xcode 8.0";
			developmentRegion = en;
			hasScannedForEncodings = 0;
			knownRegions = (
				en,
				Base,
			);
			mainGroup = 8A0CA75C1F65283B00E2858E;
			productRefGroup = 8A0CA7661F65283B00E2858E /* Products */;
			projectDirPath = "";
			projectRoot = "";
			targets = (
				8A0CA7641F65283B00E2858E /* MetalShaderImageRender */,
			);
		};
/* End PBXProject section */

/* Begin PBXResourcesBuildPhase section */
		8A0CA7631F65283B00E2858E /* Resources */ = {
			isa = PBXResourcesBuildPhase;
			buildActionMask = 2147483647;
			files = (
				8A0CA7731F65283B00E2858E /* LaunchScreen.storyboard in Resources */,
				8A0CA7701F65283B00E2858E /* Assets.xcassets in Resources */,
				8A0CA76E1F65283B00E2858E /* Main.storyboard in Resources */,
			);
			runOnlyForDeploymentPostprocessing = 0;
		};
/* End PBXResourcesBuildPhase section */

/* Begin PBXSourcesBuildPhase section */
		8A0CA7611F65283B00E2858E /* Sources */ = {
			isa = PBXSourcesBuildPhase;
			buildActionMask = 2147483647;
			files = (
				8AAECE121F762CD800C20BF9 /* Shaders.metal in Sources */,
				8A0CA76B1F65283B00E2858E /* ViewController.swift in Sources */,
				8A0CA7691F65283B00E2858E /* AppDelegate.swift in Sources */,
			);
			runOnlyForDeploymentPostprocessing = 0;
		};
/* End PBXSourcesBuildPhase section */

/* Begin PBXVariantGroup section */
		8A0CA76C1F65283B00E2858E /* Main.storyboard */ = {
			isa = PBXVariantGroup;
			children = (
				8A0CA76D1F65283B00E2858E /* Base */,
			);
			name = Main.storyboard;
			sourceTree = "<group>";
		};
		8A0CA7711F65283B00E2858E /* LaunchScreen.storyboard */ = {
			isa = PBXVariantGroup;
			children = (
				8A0CA7721F65283B00E2858E /* Base */,
			);
			name = LaunchScreen.storyboard;
			sourceTree = "<group>";
		};
/* End PBXVariantGroup section */

/* Begin XCBuildConfiguration section */
		8A0CA7751F65283B00E2858E /* Debug */ = {
			isa = XCBuildConfiguration;
			buildSettings = {
				ALWAYS_SEARCH_USER_PATHS = NO;
				CLANG_ANALYZER_NONNULL = YES;
				CLANG_ANALYZER_NUMBER_OBJECT_CONVERSION = YES_AGGRESSIVE;
				CLANG_CXX_LANGUAGE_STANDARD = "gnu++14";
				CLANG_CXX_LIBRARY = "libc++";
				CLANG_ENABLE_MODULES = YES;
				CLANG_ENABLE_OBJC_ARC = YES;
				CLANG_WARN_BLOCK_CAPTURE_AUTORELEASING = YES;
				CLANG_WARN_BOOL_CONVERSION = YES;
				CLANG_WARN_COMMA = YES;
				CLANG_WARN_CONSTANT_CONVERSION = YES;
				CLANG_WARN_DEPRECATED_OBJC_IMPLEMENTATIONS = YES;
				CLANG_WARN_DIRECT_OBJC_ISA_USAGE = YES_ERROR;
				CLANG_WARN_DOCUMENTATION_COMMENTS = YES;
				CLANG_WARN_EMPTY_BODY = YES;
				CLANG_WARN_ENUM_CONVERSION = YES;
				CLANG_WARN_INFINITE_RECURSION = YES;
				CLANG_WARN_INT_CONVERSION = YES;
				CLANG_WARN_NON_LITERAL_NULL_CONVERSION = YES;
				CLANG_WARN_OBJC_IMPLICIT_RETAIN_SELF = YES;
				CLANG_WARN_OBJC_LITERAL_CONVERSION = YES;
				CLANG_WARN_OBJC_ROOT_CLASS = YES_ERROR;
				CLANG_WARN_RANGE_LOOP_ANALYSIS = YES;
				CLANG_WARN_STRICT_PROTOTYPES = YES;
				CLANG_WARN_SUSPICIOUS_MOVE = YES;
				CLANG_WARN_UNGUARDED_AVAILABILITY = YES_AGGRESSIVE;
				CLANG_WARN_UNREACHABLE_CODE = YES;
				CLANG_WARN__DUPLICATE_METHOD_MATCH = YES;
				CODE_SIGN_IDENTITY = "iPhone Developer";
				COPY_PHASE_STRIP = NO;
				DEBUG_INFORMATION_FORMAT = dwarf;
				ENABLE_STRICT_OBJC_MSGSEND = YES;
				ENABLE_TESTABILITY = YES;
				GCC_C_LANGUAGE_STANDARD = gnu11;
				GCC_DYNAMIC_NO_PIC = NO;
				GCC_NO_COMMON_BLOCKS = YES;
				GCC_OPTIMIZATION_LEVEL = 0;
				GCC_PREPROCESSOR_DEFINITIONS = (
					"DEBUG=1",
					"$(inherited)",
				);
				GCC_WARN_64_TO_32_BIT_CONVERSION = YES;
				GCC_WARN_ABOUT_RETURN_TYPE = YES_ERROR;
				GCC_WARN_UNDECLARED_SELECTOR = YES;
				GCC_WARN_UNINITIALIZED_AUTOS = YES_AGGRESSIVE;
				GCC_WARN_UNUSED_FUNCTION = YES;
				GCC_WARN_UNUSED_VARIABLE = YES;
				IPHONEOS_DEPLOYMENT_TARGET = 11.0;
				MTL_ENABLE_DEBUG_INFO = YES;
				ONLY_ACTIVE_ARCH = YES;
				SDKROOT = iphoneos;
				SWIFT_ACTIVE_COMPILATION_CONDITIONS = DEBUG;
				SWIFT_OPTIMIZATION_LEVEL = "-Onone";
			};
			name = Debug;
		};
		8A0CA7761F65283B00E2858E /* Release */ = {
			isa = XCBuildConfiguration;
			buildSettings = {
				ALWAYS_SEARCH_USER_PATHS = NO;
				CLANG_ANALYZER_NONNULL = YES;
				CLANG_ANALYZER_NUMBER_OBJECT_CONVERSION = YES_AGGRESSIVE;
				CLANG_CXX_LANGUAGE_STANDARD = "gnu++14";
				CLANG_CXX_LIBRARY = "libc++";
				CLANG_ENABLE_MODULES = YES;
				CLANG_ENABLE_OBJC_ARC = YES;
				CLANG_WARN_BLOCK_CAPTURE_AUTORELEASING = YES;
				CLANG_WARN_BOOL_CONVERSION = YES;
				CLANG_WARN_COMMA = YES;
				CLANG_WARN_CONSTANT_CONVERSION = YES;
				CLANG_WARN_DEPRECATED_OBJC_IMPLEMENTATIONS = YES;
				CLANG_WARN_DIRECT_OBJC_ISA_USAGE = YES_ERROR;
				CLANG_WARN_DOCUMENTATION_COMMENTS = YES;
				CLANG_WARN_EMPTY_BODY = YES;
				CLANG_WARN_ENUM_CONVERSION = YES;
				CLANG_WARN_INFINITE_RECURSION = YES;
				CLANG_WARN_INT_CONVERSION = YES;
				CLANG_WARN_NON_LITERAL_NULL_CONVERSION = YES;
				CLANG_WARN_OBJC_IMPLICIT_RETAIN_SELF = YES;
				CLANG_WARN_OBJC_LITERAL_CONVERSION = YES;
				CLANG_WARN_OBJC_ROOT_CLASS = YES_ERROR;
				CLANG_WARN_RANGE_LOOP_ANALYSIS = YES;
				CLANG_WARN_STRICT_PROTOTYPES = YES;
				CLANG_WARN_SUSPICIOUS_MOVE = YES;
				CLANG_WARN_UNGUARDED_AVAILABILITY = YES_AGGRESSIVE;
				CLANG_WARN_UNREACHABLE_CODE = YES;
				CLANG_WARN__DUPLICATE_METHOD_MATCH = YES;
				CODE_SIGN_IDENTITY = "iPhone Developer";
				COPY_PHASE_STRIP = NO;
				DEBUG_INFORMATION_FORMAT = "dwarf-with-dsym";
				ENABLE_NS_ASSERTIONS = NO;
				ENABLE_STRICT_OBJC_MSGSEND = YES;
				GCC_C_LANGUAGE_STANDARD = gnu11;
				GCC_NO_COMMON_BLOCKS = YES;
				GCC_WARN_64_TO_32_BIT_CONVERSION = YES;
				GCC_WARN_ABOUT_RETURN_TYPE = YES_ERROR;
				GCC_WARN_UNDECLARED_SELECTOR = YES;
				GCC_WARN_UNINITIALIZED_AUTOS = YES_AGGRESSIVE;
				GCC_WARN_UNUSED_FUNCTION = YES;
				GCC_WARN_UNUSED_VARIABLE = YES;
				IPHONEOS_DEPLOYMENT_TARGET = 11.0;
				MTL_ENABLE_DEBUG_INFO = NO;
				SDKROOT = iphoneos;
				SWIFT_OPTIMIZATION_LEVEL = "-Owholemodule";
				VALIDATE_PRODUCT = YES;
			};
			name = Release;
		};
		8A0CA7781F65283B00E2858E /* Debug */ = {
			isa = XCBuildConfiguration;
			buildSettings = {
				ASSETCATALOG_COMPILER_APPICON_NAME = AppIcon;
				CODE_SIGN_STYLE = Automatic;
				DEVELOPMENT_TEAM = 9Z86A4AWDE;
				INFOPLIST_FILE = MetalShaderImageRender/Info.plist;
				IPHONEOS_DEPLOYMENT_TARGET = 10.3;
				LD_RUNPATH_SEARCH_PATHS = "$(inherited) @executable_path/Frameworks";
				PRODUCT_BUNDLE_IDENTIFIER = com.shu223.MetalSamples.MetalShaderImageRender;
				PRODUCT_NAME = "$(TARGET_NAME)";
				SWIFT_VERSION = 4.0;
				TARGETED_DEVICE_FAMILY = "1,2";
			};
			name = Debug;
		};
		8A0CA7791F65283B00E2858E /* Release */ = {
			isa = XCBuildConfiguration;
			buildSettings = {
				ASSETCATALOG_COMPILER_APPICON_NAME = AppIcon;
				CODE_SIGN_STYLE = Automatic;
				DEVELOPMENT_TEAM = 9Z86A4AWDE;
				INFOPLIST_FILE = MetalShaderImageRender/Info.plist;
				IPHONEOS_DEPLOYMENT_TARGET = 10.3;
				LD_RUNPATH_SEARCH_PATHS = "$(inherited) @executable_path/Frameworks";
				PRODUCT_BUNDLE_IDENTIFIER = com.shu223.MetalSamples.MetalShaderImageRender;
				PRODUCT_NAME = "$(TARGET_NAME)";
				SWIFT_VERSION = 4.0;
				TARGETED_DEVICE_FAMILY = "1,2";
			};
			name = Release;
		};
/* End XCBuildConfiguration section */

/* Begin XCConfigurationList section */
		8A0CA7601F65283B00E2858E /* Build configuration list for PBXProject "MetalShaderImageRender" */ = {
			isa = XCConfigurationList;
			buildConfigurations = (
				8A0CA7751F65283B00E2858E /* Debug */,
				8A0CA7761F65283B00E2858E /* Release */,
			);
			defaultConfigurationIsVisible = 0;
			defaultConfigurationName = Release;
		};
		8A0CA7771F65283B00E2858E /* Build configuration list for PBXNativeTarget "MetalShaderImageRender" */ = {
			isa = XCConfigurationList;
			buildConfigurations = (
				8A0CA7781F65283B00E2858E /* Debug */,
				8A0CA7791F65283B00E2858E /* Release */,
			);
			defaultConfigurationIsVisible = 0;
			defaultConfigurationName = Release;
		};
/* End XCConfigurationList section */
	};
	rootObject = 8A0CA75D1F65283B00E2858E /* Project object */;
}
